
Microsoft Visual Studio Solution File, Format Version 12.00
# Visual Studio Version 17
VisualStudioVersion = 17.14.36429.23 d17.14
MinimumVisualStudioVersion = 10.0.40219.1
Project("{FAE04EC0-301F-11D3-BF4B-00C04F79EFBC}") = "OOPHotel2.0", "OOPHotel2.0.csproj", "{34AB6B13-15AF-4540-9B3A-57B7E9006B28}"
EndProject
Global
	GlobalSection(SolutionConfigurationPlatforms) = preSolution
		Debug|Any CPU = Debug|Any CPU
		Release|Any CPU = Release|Any CPU
	EndGlobalSection
	GlobalSection(ProjectConfigurationPlatforms) = postSolution
		{34AB6B13-15AF-4540-9B3A-57B7E9006B28}.Debug|Any CPU.ActiveCfg = Debug|Any CPU
		{34AB6B13-15AF-4540-9B3A-57B7E9006B28}.Debug|Any CPU.Build.0 = Debug|Any CPU
		{34AB6B13-15AF-4540-9B3A-57B7E9006B28}.Release|Any CPU.ActiveCfg = Release|Any CPU
		{34AB6B13-15AF-4540-9B3A-57B7E9006B28}.Release|Any CPU.Build.0 = Release|Any CPU
	EndGlobalSection
	GlobalSection(SolutionProperties) = preSolution
		HideSolutionNode = FALSE
	EndGlobalSection
	GlobalSection(ExtensibilityGlobals) = postSolution
		SolutionGuid = {B852E5AA-5C26-40A9-911C-9365415E5221}
	EndGlobalSection
EndGlobal
